Microsoft Visual Studio Solution File, Format Version 11.00
# Visual Studio 2008

Project("{39483F60-74D3-CE49-F549-1F3DD5183B08}") = "p2-proto-1", "Assembly-CSharp.csproj", "{388C1662-1D2F-CEDB-EB84-BAD86746D414}"
EndProject
Global
	GlobalSection(SolutionConfigurationPlatforms) = preSolution
		Debug|Any CPU = Debug|Any CPU
		Release|Any CPU = Release|Any CPU
	EndGlobalSection
	GlobalSection(ProjectConfigurationPlatforms) = postSolution
		{388C1662-1D2F-CEDB-EB84-BAD86746D414}.Debug|Any CPU.ActiveCfg = Debug|Any CPU
		{388C1662-1D2F-CEDB-EB84-BAD86746D414}.Debug|Any CPU.Build.0 = Debug|Any CPU
		{388C1662-1D2F-CEDB-EB84-BAD86746D414}.Release|Any CPU.ActiveCfg = Release|Any CPU
		{388C1662-1D2F-CEDB-EB84-BAD86746D414}.Release|Any CPU.Build.0 = Release|Any CPU
	EndGlobalSection
	GlobalSection(SolutionProperties) = preSolution
		HideSolutionNode = FALSE
	EndGlobalSection
	GlobalSection(MonoDevelopProperties) = preSolution
		StartupItem = Assembly-CSharp.csproj
	EndGlobalSection
EndGlobal
